
Microsoft Visual Studio Solution File, Format Version 12.00
# Visual Studio Version 17
VisualStudioVersion = 17.0.31919.166
MinimumVisualStudioVersion = 10.0.40219.1
Project("{9A19103F-16F7-4668-BE54-9A1E7A4F7556}") = "AutoMapperVsManual", "AutoMapperVsManual\AutoMapperVsManual.csproj", "{B7413BBD-97E8-4930-8FC2-3FD134022353}"
EndProject
Global
	GlobalSection(SolutionConfigurationPlatforms) = preSolution
		Debug|Any CPU = Debug|Any CPU
		Release|Any CPU = Release|Any CPU
	EndGlobalSection
	GlobalSection(ProjectConfigurationPlatforms) = postSolution
		{B7413BBD-97E8-4930-8FC2-3FD134022353}.Debug|Any CPU.ActiveCfg = Debug|Any CPU
		{B7413BBD-97E8-4930-8FC2-3FD134022353}.Debug|Any CPU.Build.0 = Debug|Any CPU
		{B7413BBD-97E8-4930-8FC2-3FD134022353}.Release|Any CPU.ActiveCfg = Release|Any CPU
		{B7413BBD-97E8-4930-8FC2-3FD134022353}.Release|Any CPU.Build.0 = Release|Any CPU
	EndGlobalSection
	GlobalSection(SolutionProperties) = preSolution
		HideSolutionNode = FALSE
	EndGlobalSection
	GlobalSection(ExtensibilityGlobals) = postSolution
		SolutionGuid = {EFE847F3-916B-4D8F-8F4D-C96391AD12AC}
	EndGlobalSection
EndGlobal
